
Microsoft Visual Studio Solution File, Format Version 12.00
# Visual Studio Version 16
VisualStudioVersion = 16.0.29709.97
MinimumVisualStudioVersion = 10.0.40219.1
Project("{FAE04EC0-301F-11D3-BF4B-00C04F79EFBC}") = "Fonet_Web", "Fonet_Web\Fonet_Web.csproj", "{FB46D72A-B174-462E-8529-932B258D03C5}"
EndProject
Global
	GlobalSection(SolutionConfigurationPlatforms) = preSolution
		Debug|Any CPU = Debug|Any CPU
		Release|Any CPU = Release|Any CPU
	EndGlobalSection
	GlobalSection(ProjectConfigurationPlatforms) = postSolution
		{FB46D72A-B174-462E-8529-932B258D03C5}.Debug|Any CPU.ActiveCfg = Debug|Any CPU
		{FB46D72A-B174-462E-8529-932B258D03C5}.Debug|Any CPU.Build.0 = Debug|Any CPU
		{FB46D72A-B174-462E-8529-932B258D03C5}.Release|Any CPU.ActiveCfg = Release|Any CPU
		{FB46D72A-B174-462E-8529-932B258D03C5}.Release|Any CPU.Build.0 = Release|Any CPU
	EndGlobalSection
	GlobalSection(SolutionProperties) = preSolution
		HideSolutionNode = FALSE
	EndGlobalSection
	GlobalSection(ExtensibilityGlobals) = postSolution
		SolutionGuid = {82D6EB6B-0E59-47CB-83CB-B757C7D33468}
	EndGlobalSection
EndGlobal
